
Microsoft Visual Studio Solution File, Format Version 12.00
# Visual Studio 14
VisualStudioVersion = 14.0.25420.1
MinimumVisualStudioVersion = 10.0.40219.1
Project("{8BC9CEB8-8B4A-11D0-8D11-00A0C91BC942}") = "HaNoiTower", "HaNoiTower\HaNoiTower.vcxproj", "{43C20A31-78B7-4E95-8E7A-D97BBD54ACBB}"
EndProject
Project("{8BC9CEB8-8B4A-11D0-8D11-00A0C91BC942}") = "queen", "queen\queen.vcxproj", "{5CCCA678-D987-49C4-8D01-459BA7427B9E}"
EndProject
Project("{8BC9CEB8-8B4A-11D0-8D11-00A0C91BC942}") = "knight", "knight\knight.vcxproj", "{B85BC8A9-B28C-425D-81B6-68ECEDF2FBE4}"
EndProject
Global
	GlobalSection(SolutionConfigurationPlatforms) = preSolution
		Debug|x64 = Debug|x64
		Debug|x86 = Debug|x86
		Release|x64 = Release|x64
		Release|x86 = Release|x86
	EndGlobalSection
	GlobalSection(ProjectConfigurationPlatforms) = postSolution
		{43C20A31-78B7-4E95-8E7A-D97BBD54ACBB}.Debug|x64.ActiveCfg = Debug|x64
		{43C20A31-78B7-4E95-8E7A-D97BBD54ACBB}.Debug|x64.Build.0 = Debug|x64
		{43C20A31-78B7-4E95-8E7A-D97BBD54ACBB}.Debug|x86.ActiveCfg = Debug|Win32
		{43C20A31-78B7-4E95-8E7A-D97BBD54ACBB}.Debug|x86.Build.0 = Debug|Win32
		{43C20A31-78B7-4E95-8E7A-D97BBD54ACBB}.Release|x64.ActiveCfg = Release|x64
		{43C20A31-78B7-4E95-8E7A-D97BBD54ACBB}.Release|x64.Build.0 = Release|x64
		{43C20A31-78B7-4E95-8E7A-D97BBD54ACBB}.Release|x86.ActiveCfg = Release|Win32
		{43C20A31-78B7-4E95-8E7A-D97BBD54ACBB}.Release|x86.Build.0 = Release|Win32
		{5CCCA678-D987-49C4-8D01-459BA7427B9E}.Debug|x64.ActiveCfg = Debug|x64
		{5CCCA678-D987-49C4-8D01-459BA7427B9E}.Debug|x64.Build.0 = Debug|x64
		{5CCCA678-D987-49C4-8D01-459BA7427B9E}.Debug|x86.ActiveCfg = Debug|Win32
		{5CCCA678-D987-49C4-8D01-459BA7427B9E}.Debug|x86.Build.0 = Debug|Win32
		{5CCCA678-D987-49C4-8D01-459BA7427B9E}.Release|x64.ActiveCfg = Release|x64
		{5CCCA678-D987-49C4-8D01-459BA7427B9E}.Release|x64.Build.0 = Release|x64
		{5CCCA678-D987-49C4-8D01-459BA7427B9E}.Release|x86.ActiveCfg = Release|Win32
		{5CCCA678-D987-49C4-8D01-459BA7427B9E}.Release|x86.Build.0 = Release|Win32
		{B85BC8A9-B28C-425D-81B6-68ECEDF2FBE4}.Debug|x64.ActiveCfg = Debug|x64
		{B85BC8A9-B28C-425D-81B6-68ECEDF2FBE4}.Debug|x64.Build.0 = Debug|x64
		{B85BC8A9-B28C-425D-81B6-68ECEDF2FBE4}.Debug|x86.ActiveCfg = Debug|Win32
		{B85BC8A9-B28C-425D-81B6-68ECEDF2FBE4}.Debug|x86.Build.0 = Debug|Win32
		{B85BC8A9-B28C-425D-81B6-68ECEDF2FBE4}.Release|x64.ActiveCfg = Release|x64
		{B85BC8A9-B28C-425D-81B6-68ECEDF2FBE4}.Release|x64.Build.0 = Release|x64
		{B85BC8A9-B28C-425D-81B6-68ECEDF2FBE4}.Release|x86.ActiveCfg = Release|Win32
		{B85BC8A9-B28C-425D-81B6-68ECEDF2FBE4}.Release|x86.Build.0 = Release|Win32
	EndGlobalSection
	GlobalSection(SolutionProperties) = preSolution
		HideSolutionNode = FALSE
	EndGlobalSection
EndGlobal
